// !$*UTF8*$!
{
	archiveVersion = 1;
	classes = {
	};
	objectVersion = 46;
	objects = {

/* Begin PBXBuildFile section */
		A0246C361B1E070B00445A31 /* AddFeedViewController.swift in Sources */ = {isa = PBXBuildFile; fileRef = A0246C351B1E070B00445A31 /* AddFeedViewController.swift */; };
		A0246C3F1B1E4F1F00445A31 /* Article.swift in Sources */ = {isa = PBXBuildFile; fileRef = A0246C3E1B1E4F1F00445A31 /* Article.swift */; };
		A0246C411B1E4F1F00445A31 /* Feed.swift in Sources */ = {isa = PBXBuildFile; fileRef = A0246C401B1E4F1F00445A31 /* Feed.swift */; };
		A07012081B1F8C520004D47C /* CoreData.framework in Frameworks */ = {isa = PBXBuildFile; fileRef = A07012071B1F8C520004D47C /* CoreData.framework */; };
		A070120A1B1F8C580004D47C /* UIKit.framework in Frameworks */ = {isa = PBXBuildFile; fileRef = A07012091B1F8C580004D47C /* UIKit.framework */; };
		A09E2B311B1CA04B00CB049C /* AppDelegate.swift in Sources */ = {isa = PBXBuildFile; fileRef = A09E2B301B1CA04B00CB049C /* AppDelegate.swift */; };
		A09E2B341B1CA04B00CB049C /* FeedReader.xcdatamodeld in Sources */ = {isa = PBXBuildFile; fileRef = A09E2B321B1CA04B00CB049C /* FeedReader.xcdatamodeld */; };
		A09E2B3B1B1CA04B00CB049C /* Images.xcassets in Resources */ = {isa = PBXBuildFile; fileRef = A09E2B3A1B1CA04B00CB049C /* Images.xcassets */; };
		A09E2B3E1B1CA04B00CB049C /* LaunchScreen.xib in Resources */ = {isa = PBXBuildFile; fileRef = A09E2B3C1B1CA04B00CB049C /* LaunchScreen.xib */; };
		A09E2B4A1B1CA04B00CB049C /* FeedReaderTests.swift in Sources */ = {isa = PBXBuildFile; fileRef = A09E2B491B1CA04B00CB049C /* FeedReaderTests.swift */; };
		A09E2B541B1CB20100CB049C /* FeedsTableViewController.swift in Sources */ = {isa = PBXBuildFile; fileRef = A09E2B531B1CB20100CB049C /* FeedsTableViewController.swift */; };
		A09E2B561B1CB80600CB049C /* ArticlesTableController.swift in Sources */ = {isa = PBXBuildFile; fileRef = A09E2B551B1CB80600CB049C /* ArticlesTableController.swift */; };
		A09E2B581B1CB88600CB049C /* WebViewController.swift in Sources */ = {isa = PBXBuildFile; fileRef = A09E2B571B1CB88600CB049C /* WebViewController.swift */; };
		A09E2B5A1B1CBDE300CB049C /* Main.storyboard in Resources */ = {isa = PBXBuildFile; fileRef = A09E2B591B1CBDE300CB049C /* Main.storyboard */; };
		A09E2B5C1B1CD2DB00CB049C /* FeedModel.swift in Sources */ = {isa = PBXBuildFile; fileRef = A09E2B5B1B1CD2DB00CB049C /* FeedModel.swift */; };
		A09E2B5E1B1CD3C100CB049C /* ArticleModel.swift in Sources */ = {isa = PBXBuildFile; fileRef = A09E2B5D1B1CD3C100CB049C /* ArticleModel.swift */; };
/* End PBXBuildFile section */

/* Begin PBXContainerItemProxy section */
		A09E2B441B1CA04B00CB049C /* PBXContainerItemProxy */ = {
			isa = PBXContainerItemProxy;
			containerPortal = A09E2B231B1CA04B00CB049C /* Project object */;
			proxyType = 1;
			remoteGlobalIDString = A09E2B2A1B1CA04B00CB049C;
			remoteInfo = FeedReader;
		};
/* End PBXContainerItemProxy section */

/* Begin PBXFileReference section */
		A0246C351B1E070B00445A31 /* AddFeedViewController.swift */ = {isa = PBXFileReference; fileEncoding = 4; lastKnownFileType = sourcecode.swift; path = AddFeedViewController.swift; sourceTree = "<group>"; };
		A0246C371B1E4EE100445A31 /* FeedReader-Bridging-Header.h */ = {isa = PBXFileReference; lastKnownFileType = sourcecode.c.h; path = "FeedReader-Bridging-Header.h"; sourceTree = "<group>"; };
		A0246C3E1B1E4F1F00445A31 /* Article.swift */ = {isa = PBXFileReference; fileEncoding = 4; lastKnownFileType = sourcecode.swift; name = Article.swift; path = ../Article.swift; sourceTree = "<group>"; };
		A0246C401B1E4F1F00445A31 /* Feed.swift */ = {isa = PBXFileReference; fileEncoding = 4; lastKnownFileType = sourcecode.swift; name = Feed.swift; path = ../Feed.swift; sourceTree = "<group>"; };
		A07012071B1F8C520004D47C /* CoreData.framework */ = {isa = PBXFileReference; lastKnownFileType = wrapper.framework; name = CoreData.framework; path = System/Library/Frameworks/CoreData.framework; sourceTree = SDKROOT; };
		A07012091B1F8C580004D47C /* UIKit.framework */ = {isa = PBXFileReference; lastKnownFileType = wrapper.framework; name = UIKit.framework; path = System/Library/Frameworks/UIKit.framework; sourceTree = SDKROOT; };
		A09E2B2B1B1CA04B00CB049C /* FeedReader.app */ = {isa = PBXFileReference; explicitFileType = wrapper.application; includeInIndex = 0; path = FeedReader.app; sourceTree = BUILT_PRODUCTS_DIR; };
		A09E2B2F1B1CA04B00CB049C /* Info.plist */ = {isa = PBXFileReference; lastKnownFileType = text.plist.xml; path = Info.plist; sourceTree = "<group>"; };
		A09E2B301B1CA04B00CB049C /* AppDelegate.swift */ = {isa = PBXFileReference; lastKnownFileType = sourcecode.swift; path = AppDelegate.swift; sourceTree = "<group>"; };
		A09E2B331B1CA04B00CB049C /* FeedReader.xcdatamodel */ = {isa = PBXFileReference; lastKnownFileType = wrapper.xcdatamodel; path = FeedReader.xcdatamodel; sourceTree = "<group>"; };
		A09E2B3A1B1CA04B00CB049C /* Images.xcassets */ = {isa = PBXFileReference; lastKnownFileType = folder.assetcatalog; path = Images.xcassets; sourceTree = "<group>"; };
		A09E2B3D1B1CA04B00CB049C /* Base */ = {isa = PBXFileReference; lastKnownFileType = file.xib; name = Base; path = Base.lproj/LaunchScreen.xib; sourceTree = "<group>"; };
		A09E2B431B1CA04B00CB049C /* FeedReaderTests.xctest */ = {isa = PBXFileReference; explicitFileType = wrapper.cfbundle; includeInIndex = 0; path = FeedReaderTests.xctest; sourceTree = BUILT_PRODUCTS_DIR; };
		A09E2B481B1CA04B00CB049C /* Info.plist */ = {isa = PBXFileReference; lastKnownFileType = text.plist.xml; path = Info.plist; sourceTree = "<group>"; };
		A09E2B491B1CA04B00CB049C /* FeedReaderTests.swift */ = {isa = PBXFileReference; lastKnownFileType = sourcecode.swift; path = FeedReaderTests.swift; sourceTree = "<group>"; };
		A09E2B531B1CB20100CB049C /* FeedsTableViewController.swift */ = {isa = PBXFileReference; fileEncoding = 4; lastKnownFileType = sourcecode.swift; path = FeedsTableViewController.swift; sourceTree = "<group>"; };
		A09E2B551B1CB80600CB049C /* ArticlesTableController.swift */ = {isa = PBXFileReference; fileEncoding = 4; lastKnownFileType = sourcecode.swift; path = ArticlesTableController.swift; sourceTree = "<group>"; };
		A09E2B571B1CB88600CB049C /* WebViewController.swift */ = {isa = PBXFileReference; fileEncoding = 4; lastKnownFileType = sourcecode.swift; path = WebViewController.swift; sourceTree = "<group>"; };
		A09E2B591B1CBDE300CB049C /* Main.storyboard */ = {isa = PBXFileReference; fileEncoding = 4; lastKnownFileType = file.storyboard; path = Main.storyboard; sourceTree = "<group>"; };
		A09E2B5B1B1CD2DB00CB049C /* FeedModel.swift */ = {isa = PBXFileReference; fileEncoding = 4; lastKnownFileType = sourcecode.swift; path = FeedModel.swift; sourceTree = "<group>"; };
		A09E2B5D1B1CD3C100CB049C /* ArticleModel.swift */ = {isa = PBXFileReference; fileEncoding = 4; lastKnownFileType = sourcecode.swift; path = ArticleModel.swift; sourceTree = "<group>"; };
/* End PBXFileReference section */

/* Begin PBXFrameworksBuildPhase section */
		A09E2B281B1CA04B00CB049C /* Frameworks */ = {
			isa = PBXFrameworksBuildPhase;
			buildActionMask = 2147483647;
			files = (
				A070120A1B1F8C580004D47C /* UIKit.framework in Frameworks */,
				A07012081B1F8C520004D47C /* CoreData.framework in Frameworks */,
			);
			runOnlyForDeploymentPostprocessing = 0;
		};
		A09E2B401B1CA04B00CB049C /* Frameworks */ = {
			isa = PBXFrameworksBuildPhase;
			buildActionMask = 2147483647;
			files = (
			);
			runOnlyForDeploymentPostprocessing = 0;
		};
/* End PBXFrameworksBuildPhase section */

/* Begin PBXGroup section */
		A09E2B221B1CA04B00CB049C = {
			isa = PBXGroup;
			children = (
				A07012091B1F8C580004D47C /* UIKit.framework */,
				A07012071B1F8C520004D47C /* CoreData.framework */,
				A09E2B2D1B1CA04B00CB049C /* FeedReader */,
				A09E2B461B1CA04B00CB049C /* FeedReaderTests */,
				A09E2B2C1B1CA04B00CB049C /* Products */,
				A0246C371B1E4EE100445A31 /* FeedReader-Bridging-Header.h */,
			);
			sourceTree = "<group>";
		};
		A09E2B2C1B1CA04B00CB049C /* Products */ = {
			isa = PBXGroup;
			children = (
				A09E2B2B1B1CA04B00CB049C /* FeedReader.app */,
				A09E2B431B1CA04B00CB049C /* FeedReaderTests.xctest */,
			);
			name = Products;
			sourceTree = "<group>";
		};
		A09E2B2D1B1CA04B00CB049C /* FeedReader */ = {
			isa = PBXGroup;
			children = (
				A0246C401B1E4F1F00445A31 /* Feed.swift */,
				A0246C3E1B1E4F1F00445A31 /* Article.swift */,
				A09E2B301B1CA04B00CB049C /* AppDelegate.swift */,
				A09E2B3A1B1CA04B00CB049C /* Images.xcassets */,
				A09E2B591B1CBDE300CB049C /* Main.storyboard */,
				A09E2B3C1B1CA04B00CB049C /* LaunchScreen.xib */,
				A09E2B321B1CA04B00CB049C /* FeedReader.xcdatamodeld */,
				A09E2B2E1B1CA04B00CB049C /* Supporting Files */,
				A09E2B531B1CB20100CB049C /* FeedsTableViewController.swift */,
				A09E2B551B1CB80600CB049C /* ArticlesTableController.swift */,
				A09E2B571B1CB88600CB049C /* WebViewController.swift */,
				A09E2B5B1B1CD2DB00CB049C /* FeedModel.swift */,
				A09E2B5D1B1CD3C100CB049C /* ArticleModel.swift */,
				A0246C351B1E070B00445A31 /* AddFeedViewController.swift */,
			);
			path = FeedReader;
			sourceTree = "<group>";
		};
		A09E2B2E1B1CA04B00CB049C /* Supporting Files */ = {
			isa = PBXGroup;
			children = (
				A09E2B2F1B1CA04B00CB049C /* Info.plist */,
			);
			name = "Supporting Files";
			sourceTree = "<group>";
		};
		A09E2B461B1CA04B00CB049C /* FeedReaderTests */ = {
			isa = PBXGroup;
			children = (
				A09E2B491B1CA04B00CB049C /* FeedReaderTests.swift */,
				A09E2B471B1CA04B00CB049C /* Supporting Files */,
			);
			path = FeedReaderTests;
			sourceTree = "<group>";
		};
		A09E2B471B1CA04B00CB049C /* Supporting Files */ = {
			isa = PBXGroup;
			children = (
				A09E2B481B1CA04B00CB049C /* Info.plist */,
			);
			name = "Supporting Files";
			sourceTree = "<group>";
		};
/* End PBXGroup section */

/* Begin PBXNativeTarget section */
		A09E2B2A1B1CA04B00CB049C /* FeedReader */ = {
			isa = PBXNativeTarget;
			buildConfigurationList = A09E2B4D1B1CA04B00CB049C /* Build configuration list for PBXNativeTarget "FeedReader" */;
			buildPhases = (
				A09E2B271B1CA04B00CB049C /* Sources */,
				A09E2B281B1CA04B00CB049C /* Frameworks */,
				A09E2B291B1CA04B00CB049C /* Resources */,
			);
			buildRules = (
			);
			dependencies = (
			);
			name = FeedReader;
			productName = FeedReader;
			productReference = A09E2B2B1B1CA04B00CB049C /* FeedReader.app */;
			productType = "com.apple.product-type.application";
		};
		A09E2B421B1CA04B00CB049C /* FeedReaderTests */ = {
			isa = PBXNativeTarget;
			buildConfigurationList = A09E2B501B1CA04B00CB049C /* Build configuration list for PBXNativeTarget "FeedReaderTests" */;
			buildPhases = (
				A09E2B3F1B1CA04B00CB049C /* Sources */,
				A09E2B401B1CA04B00CB049C /* Frameworks */,
				A09E2B411B1CA04B00CB049C /* Resources */,
			);
			buildRules = (
			);
			dependencies = (
				A09E2B451B1CA04B00CB049C /* PBXTargetDependency */,
			);
			name = FeedReaderTests;
			productName = FeedReaderTests;
			productReference = A09E2B431B1CA04B00CB049C /* FeedReaderTests.xctest */;
			productType = "com.apple.product-type.bundle.unit-test";
		};
/* End PBXNativeTarget section */

/* Begin PBXProject section */
		A09E2B231B1CA04B00CB049C /* Project object */ = {
			isa = PBXProject;
			attributes = {
				LastUpgradeCheck = 0630;
				ORGANIZATIONNAME = "Moon Kang";
				TargetAttributes = {
					A09E2B2A1B1CA04B00CB049C = {
						CreatedOnToolsVersion = 6.3.2;
					};
					A09E2B421B1CA04B00CB049C = {
						CreatedOnToolsVersion = 6.3.2;
						TestTargetID = A09E2B2A1B1CA04B00CB049C;
					};
				};
			};
			buildConfigurationList = A09E2B261B1CA04B00CB049C /* Build configuration list for PBXProject "FeedReader" */;
			compatibilityVersion = "Xcode 3.2";
			developmentRegion = English;
			hasScannedForEncodings = 0;
			knownRegions = (
				en,
				Base,
			);
			mainGroup = A09E2B221B1CA04B00CB049C;
			productRefGroup = A09E2B2C1B1CA04B00CB049C /* Products */;
			projectDirPath = "";
			projectRoot = "";
			targets = (
				A09E2B2A1B1CA04B00CB049C /* FeedReader */,
				A09E2B421B1CA04B00CB049C /* FeedReaderTests */,
			);
		};
/* End PBXProject section */

/* Begin PBXResourcesBuildPhase section */
		A09E2B291B1CA04B00CB049C /* Resources */ = {
			isa = PBXResourcesBuildPhase;
			buildActionMask = 2147483647;
			files = (
				A09E2B5A1B1CBDE300CB049C /* Main.storyboard in Resources */,
				A09E2B3E1B1CA04B00CB049C /* LaunchScreen.xib in Resources */,
				A09E2B3B1B1CA04B00CB049C /* Images.xcassets in Resources */,
			);
			runOnlyForDeploymentPostprocessing = 0;
		};
		A09E2B411B1CA04B00CB049C /* Resources */ = {
			isa = PBXResourcesBuildPhase;
			buildActionMask = 2147483647;
			files = (
			);
			runOnlyForDeploymentPostprocessing = 0;
		};
/* End PBXResourcesBuildPhase section */

/* Begin PBXSourcesBuildPhase section */
		A09E2B271B1CA04B00CB049C /* Sources */ = {
			isa = PBXSourcesBuildPhase;
			buildActionMask = 2147483647;
			files = (
				A09E2B341B1CA04B00CB049C /* FeedReader.xcdatamodeld in Sources */,
				A0246C411B1E4F1F00445A31 /* Feed.swift in Sources */,
				A09E2B5C1B1CD2DB00CB049C /* FeedModel.swift in Sources */,
				A0246C3F1B1E4F1F00445A31 /* Article.swift in Sources */,
				A0246C361B1E070B00445A31 /* AddFeedViewController.swift in Sources */,
				A09E2B541B1CB20100CB049C /* FeedsTableViewController.swift in Sources */,
				A09E2B311B1CA04B00CB049C /* AppDelegate.swift in Sources */,
				A09E2B581B1CB88600CB049C /* WebViewController.swift in Sources */,
				A09E2B5E1B1CD3C100CB049C /* ArticleModel.swift in Sources */,
				A09E2B561B1CB80600CB049C /* ArticlesTableController.swift in Sources */,
			);
			runOnlyForDeploymentPostprocessing = 0;
		};
		A09E2B3F1B1CA04B00CB049C /* Sources */ = {
			isa = PBXSourcesBuildPhase;
			buildActionMask = 2147483647;
			files = (
				A09E2B4A1B1CA04B00CB049C /* FeedReaderTests.swift in Sources */,
			);
			runOnlyForDeploymentPostprocessing = 0;
		};
/* End PBXSourcesBuildPhase section */

/* Begin PBXTargetDependency section */
		A09E2B451B1CA04B00CB049C /* PBXTargetDependency */ = {
			isa = PBXTargetDependency;
			target = A09E2B2A1B1CA04B00CB049C /* FeedReader */;
			targetProxy = A09E2B441B1CA04B00CB049C /* PBXContainerItemProxy */;
		};
/* End PBXTargetDependency section */

/* Begin PBXVariantGroup section */
		A09E2B3C1B1CA04B00CB049C /* LaunchScreen.xib */ = {
			isa = PBXVariantGroup;
			children = (
				A09E2B3D1B1CA04B00CB049C /* Base */,
			);
			name = LaunchScreen.xib;
			sourceTree = "<group>";
		};
/* End PBXVariantGroup section */

/* Begin XCBuildConfiguration section */
		A09E2B4B1B1CA04B00CB049C /* Debug */ = {
			isa = XCBuildConfiguration;
			buildSettings = {
				ALWAYS_SEARCH_USER_PATHS = NO;
				CLANG_CXX_LANGUAGE_STANDARD = "gnu++0x";
				CLANG_CXX_LIBRARY = "libc++";
				CLANG_ENABLE_MODULES = YES;
				CLANG_ENABLE_OBJC_ARC = YES;
				CLANG_WARN_BOOL_CONVERSION = YES;
				CLANG_WARN_CONSTANT_CONVERSION = YES;
				CLANG_WARN_DIRECT_OBJC_ISA_USAGE = YES_ERROR;
				CLANG_WARN_EMPTY_BODY = YES;
				CLANG_WARN_ENUM_CONVERSION = YES;
				CLANG_WARN_INT_CONVERSION = YES;
				CLANG_WARN_OBJC_ROOT_CLASS = YES_ERROR;
				CLANG_WARN_UNREACHABLE_CODE = YES;
				CLANG_WARN__DUPLICATE_METHOD_MATCH = YES;
				"CODE_SIGN_IDENTITY[sdk=iphoneos*]" = "iPhone Developer";
				COPY_PHASE_STRIP = NO;
				DEBUG_INFORMATION_FORMAT = "dwarf-with-dsym";
				ENABLE_STRICT_OBJC_MSGSEND = YES;
				GCC_C_LANGUAGE_STANDARD = gnu99;
				GCC_DYNAMIC_NO_PIC = NO;
				GCC_NO_COMMON_BLOCKS = YES;
				GCC_OPTIMIZATION_LEVEL = 0;
				GCC_PREPROCESSOR_DEFINITIONS = (
					"DEBUG=1",
					"$(inherited)",
				);
				GCC_SYMBOLS_PRIVATE_EXTERN = NO;
				GCC_WARN_64_TO_32_BIT_CONVERSION = YES;
				GCC_WARN_ABOUT_RETURN_TYPE = YES_ERROR;
				GCC_WARN_UNDECLARED_SELECTOR = YES;
				GCC_WARN_UNINITIALIZED_AUTOS = YES_AGGRESSIVE;
				GCC_WARN_UNUSED_FUNCTION = YES;
				GCC_WARN_UNUSED_VARIABLE = YES;
				IPHONEOS_DEPLOYMENT_TARGET = 8.3;
				MTL_ENABLE_DEBUG_INFO = YES;
				ONLY_ACTIVE_ARCH = YES;
				SDKROOT = iphoneos;
				SWIFT_OPTIMIZATION_LEVEL = "-Onone";
			};
			name = Debug;
		};
		A09E2B4C1B1CA04B00CB049C /* Release */ = {
			isa = XCBuildConfiguration;
			buildSettings = {
				ALWAYS_SEARCH_USER_PATHS = NO;
				CLANG_CXX_LANGUAGE_STANDARD = "gnu++0x";
				CLANG_CXX_LIBRARY = "libc++";
				CLANG_ENABLE_MODULES = YES;
				CLANG_ENABLE_OBJC_ARC = YES;
				CLANG_WARN_BOOL_CONVERSION = YES;
				CLANG_WARN_CONSTANT_CONVERSION = YES;
				CLANG_WARN_DIRECT_OBJC_ISA_USAGE = YES_ERROR;
				CLANG_WARN_EMPTY_BODY = YES;
				CLANG_WARN_ENUM_CONVERSION = YES;
				CLANG_WARN_INT_CONVERSION = YES;
				CLANG_WARN_OBJC_ROOT_CLASS = YES_ERROR;
				CLANG_WARN_UNREACHABLE_CODE = YES;
				CLANG_WARN__DUPLICATE_METHOD_MATCH = YES;
				"CODE_SIGN_IDENTITY[sdk=iphoneos*]" = "iPhone Developer";
				COPY_PHASE_STRIP = NO;
				DEBUG_INFORMATION_FORMAT = "dwarf-with-dsym";
				ENABLE_NS_ASSERTIONS = NO;
				ENABLE_STRICT_OBJC_MSGSEND = YES;
				GCC_C_LANGUAGE_STANDARD = gnu99;
				GCC_NO_COMMON_BLOCKS = YES;
				GCC_WARN_64_TO_32_BIT_CONVERSION = YES;
				GCC_WARN_ABOUT_RETURN_TYPE = YES_ERROR;
				GCC_WARN_UNDECLARED_SELECTOR = YES;
				GCC_WARN_UNINITIALIZED_AUTOS = YES_AGGRESSIVE;
				GCC_WARN_UNUSED_FUNCTION = YES;
				GCC_WARN_UNUSED_VARIABLE = YES;
				IPHONEOS_DEPLOYMENT_TARGET = 8.3;
				MTL_ENABLE_DEBUG_INFO = NO;
				SDKROOT = iphoneos;
				VALIDATE_PRODUCT = YES;
			};
			name = Release;
		};
		A09E2B4E1B1CA04B00CB049C /* Debug */ = {
			isa = XCBuildConfiguration;
			buildSettings = {
				ASSETCATALOG_COMPILER_APPICON_NAME = AppIcon;
				CLANG_ENABLE_MODULES = YES;
				INFOPLIST_FILE = FeedReader/Info.plist;
				LD_RUNPATH_SEARCH_PATHS = "$(inherited) @executable_path/Frameworks";
				PRODUCT_NAME = "$(TARGET_NAME)";
				SWIFT_OBJC_BRIDGING_HEADER = "FeedReader-Bridging-Header.h";
				SWIFT_OPTIMIZATION_LEVEL = "-Onone";
			};
			name = Debug;
		};
		A09E2B4F1B1CA04B00CB049C /* Release */ = {
			isa = XCBuildConfiguration;
			buildSettings = {
				ASSETCATALOG_COMPILER_APPICON_NAME = AppIcon;
				CLANG_ENABLE_MODULES = YES;
				INFOPLIST_FILE = FeedReader/Info.plist;
				LD_RUNPATH_SEARCH_PATHS = "$(inherited) @executable_path/Frameworks";
				PRODUCT_NAME = "$(TARGET_NAME)";
				SWIFT_OBJC_BRIDGING_HEADER = "FeedReader-Bridging-Header.h";
			};
			name = Release;
		};
		A09E2B511B1CA04B00CB049C /* Debug */ = {
			isa = XCBuildConfiguration;
			buildSettings = {
				BUNDLE_LOADER = "$(TEST_HOST)";
				FRAMEWORK_SEARCH_PATHS = (
					"$(SDKROOT)/Developer/Library/Frameworks",
					"$(inherited)",
				);
				GCC_PREPROCESSOR_DEFINITIONS = (
					"DEBUG=1",
					"$(inherited)",
				);
				INFOPLIST_FILE = FeedReaderTests/Info.plist;
				LD_RUNPATH_SEARCH_PATHS = "$(inherited) @executable_path/Frameworks @loader_path/Frameworks";
				PRODUCT_NAME = "$(TARGET_NAME)";
				TEST_HOST = "$(BUILT_PRODUCTS_DIR)/FeedReader.app/FeedReader";
			};
			name = Debug;
		};
		A09E2B521B1CA04B00CB049C /* Release */ = {
			isa = XCBuildConfiguration;
			buildSettings = {
				BUNDLE_LOADER = "$(TEST_HOST)";
				FRAMEWORK_SEARCH_PATHS = (
					"$(SDKROOT)/Developer/Library/Frameworks",
					"$(inherited)",
				);
				INFOPLIST_FILE = FeedReaderTests/Info.plist;
				LD_RUNPATH_SEARCH_PATHS = "$(inherited) @executable_path/Frameworks @loader_path/Frameworks";
				PRODUCT_NAME = "$(TARGET_NAME)";
				TEST_HOST = "$(BUILT_PRODUCTS_DIR)/FeedReader.app/FeedReader";
			};
			name = Release;
		};
/* End XCBuildConfiguration section */

/* Begin XCConfigurationList section */
		A09E2B261B1CA04B00CB049C /* Build configuration list for PBXProject "FeedReader" */ = {
			isa = XCConfigurationList;
			buildConfigurations = (
				A09E2B4B1B1CA04B00CB049C /* Debug */,
				A09E2B4C1B1CA04B00CB049C /* Release */,
			);
			defaultConfigurationIsVisible = 0;
			defaultConfigurationName = Release;
		};
		A09E2B4D1B1CA04B00CB049C /* Build configuration list for PBXNativeTarget "FeedReader" */ = {
			isa = XCConfigurationList;
			buildConfigurations = (
				A09E2B4E1B1CA04B00CB049C /* Debug */,
				A09E2B4F1B1CA04B00CB049C /* Release */,
			);
			defaultConfigurationIsVisible = 0;
			defaultConfigurationName = Release;
		};
		A09E2B501B1CA04B00CB049C /* Build configuration list for PBXNativeTarget "FeedReaderTests" */ = {
			isa = XCConfigurationList;
			buildConfigurations = (
				A09E2B511B1CA04B00CB049C /* Debug */,
				A09E2B521B1CA04B00CB049C /* Release */,
			);
			defaultConfigurationIsVisible = 0;
			defaultConfigurationName = Release;
		};
/* End XCConfigurationList section */

/* Begin XCVersionGroup section */
		A09E2B321B1CA04B00CB049C /* FeedReader.xcdatamodeld */ = {
			isa = XCVersionGroup;
			children = (
				A09E2B331B1CA04B00CB049C /* FeedReader.xcdatamodel */,
			);
			currentVersion = A09E2B331B1CA04B00CB049C /* FeedReader.xcdatamodel */;
			path = FeedReader.xcdatamodeld;
			sourceTree = "<group>";
			versionGroupType = wrapper.xcdatamodel;
		};
/* End XCVersionGroup section */
	};
	rootObject = A09E2B231B1CA04B00CB049C /* Project object */;
}
